
Microsoft Visual Studio Solution File, Format Version 12.00
# Visual Studio Version 16
VisualStudioVersion = 16.0.30907.101
MinimumVisualStudioVersion = 10.0.40219.1
Project("{FAE04EC0-301F-11D3-BF4B-00C04F79EFBC}") = "PracticeLinq", "PracticeLinq\PracticeLinq.csproj", "{368C28EB-261D-4A66-84DA-1419515BCA7A}"
EndProject
Global
	GlobalSection(SolutionConfigurationPlatforms) = preSolution
		Debug|Any CPU = Debug|Any CPU
		Release|Any CPU = Release|Any CPU
	EndGlobalSection
	GlobalSection(ProjectConfigurationPlatforms) = postSolution
		{368C28EB-261D-4A66-84DA-1419515BCA7A}.Debug|Any CPU.ActiveCfg = Debug|Any CPU
		{368C28EB-261D-4A66-84DA-1419515BCA7A}.Debug|Any CPU.Build.0 = Debug|Any CPU
		{368C28EB-261D-4A66-84DA-1419515BCA7A}.Release|Any CPU.ActiveCfg = Release|Any CPU
		{368C28EB-261D-4A66-84DA-1419515BCA7A}.Release|Any CPU.Build.0 = Release|Any CPU
	EndGlobalSection
	GlobalSection(SolutionProperties) = preSolution
		HideSolutionNode = FALSE
	EndGlobalSection
	GlobalSection(ExtensibilityGlobals) = postSolution
		SolutionGuid = {ED12D492-FF6A-4FFF-A9F5-339B9DAB5CE7}
	EndGlobalSection
EndGlobal
